
Microsoft Visual Studio Solution File, Format Version 12.00
# Visual Studio Version 16
VisualStudioVersion = 16.0.30114.105
MinimumVisualStudioVersion = 10.0.40219.1
Project("{9A19103F-16F7-4668-BE54-9A1E7A4F7556}") = "DiscordEventBot.Model", "DiscordEventBot.Model\DiscordEventBot.Model.csproj", "{167D7CE8-BDAB-4FCA-AFF3-8C887F2E5FCA}"
EndProject
Project("{9A19103F-16F7-4668-BE54-9A1E7A4F7556}") = "DiscordEventBot.Tests", "DiscordEventBot.Tests\DiscordEventBot.Tests.csproj", "{D6BFDCD8-2AD5-4B56-90BA-F1E504DE9082}"
EndProject
Project("{9A19103F-16F7-4668-BE54-9A1E7A4F7556}") = "DiscordEventBot.Service", "DiscordEventBot.Service\DiscordEventBot.Service.csproj", "{E365916F-0365-47EE-B97B-802986FE02A4}"
EndProject
Project("{9A19103F-16F7-4668-BE54-9A1E7A4F7556}") = "DiscordEventBot.Common", "DiscordEventBot.Common\DiscordEventBot.Common.csproj", "{65474139-0E56-4AEC-AA18-7E884AF6678A}"
EndProject
Project("{E53339B2-1760-4266-BCC7-CA923CBCF16C}") = "docker-compose", "docker-compose.dcproj", "{98D4EF68-9692-402B-81BB-B8E40D4A0343}"
EndProject
Project("{FAE04EC0-301F-11D3-BF4B-00C04F79EFBC}") = "DiscordEventBot.Jobs", "..\DiscordEventBot.Jobs\DiscordEventBot.Jobs.csproj", "{99BF8542-20F9-4E5D-9932-D3EE8FBE3ABF}"
EndProject
Global
	GlobalSection(SolutionConfigurationPlatforms) = preSolution
		Debug|Any CPU = Debug|Any CPU
		Debug|x64 = Debug|x64
		Debug|x86 = Debug|x86
		Release|Any CPU = Release|Any CPU
		Release|x64 = Release|x64
		Release|x86 = Release|x86
	EndGlobalSection
	GlobalSection(ProjectConfigurationPlatforms) = postSolution
		{167D7CE8-BDAB-4FCA-AFF3-8C887F2E5FCA}.Debug|Any CPU.ActiveCfg = Debug|Any CPU
		{167D7CE8-BDAB-4FCA-AFF3-8C887F2E5FCA}.Debug|Any CPU.Build.0 = Debug|Any CPU
		{167D7CE8-BDAB-4FCA-AFF3-8C887F2E5FCA}.Debug|x64.ActiveCfg = Debug|Any CPU
		{167D7CE8-BDAB-4FCA-AFF3-8C887F2E5FCA}.Debug|x64.Build.0 = Debug|Any CPU
		{167D7CE8-BDAB-4FCA-AFF3-8C887F2E5FCA}.Debug|x86.ActiveCfg = Debug|Any CPU
		{167D7CE8-BDAB-4FCA-AFF3-8C887F2E5FCA}.Debug|x86.Build.0 = Debug|Any CPU
		{167D7CE8-BDAB-4FCA-AFF3-8C887F2E5FCA}.Release|Any CPU.ActiveCfg = Release|Any CPU
		{167D7CE8-BDAB-4FCA-AFF3-8C887F2E5FCA}.Release|Any CPU.Build.0 = Release|Any CPU
		{167D7CE8-BDAB-4FCA-AFF3-8C887F2E5FCA}.Release|x64.ActiveCfg = Release|Any CPU
		{167D7CE8-BDAB-4FCA-AFF3-8C887F2E5FCA}.Release|x64.Build.0 = Release|Any CPU
		{167D7CE8-BDAB-4FCA-AFF3-8C887F2E5FCA}.Release|x86.ActiveCfg = Release|Any CPU
		{167D7CE8-BDAB-4FCA-AFF3-8C887F2E5FCA}.Release|x86.Build.0 = Release|Any CPU
		{D6BFDCD8-2AD5-4B56-90BA-F1E504DE9082}.Debug|Any CPU.ActiveCfg = Debug|Any CPU
		{D6BFDCD8-2AD5-4B56-90BA-F1E504DE9082}.Debug|Any CPU.Build.0 = Debug|Any CPU
		{D6BFDCD8-2AD5-4B56-90BA-F1E504DE9082}.Debug|x64.ActiveCfg = Debug|Any CPU
		{D6BFDCD8-2AD5-4B56-90BA-F1E504DE9082}.Debug|x64.Build.0 = Debug|Any CPU
		{D6BFDCD8-2AD5-4B56-90BA-F1E504DE9082}.Debug|x86.ActiveCfg = Debug|Any CPU
		{D6BFDCD8-2AD5-4B56-90BA-F1E504DE9082}.Debug|x86.Build.0 = Debug|Any CPU
		{D6BFDCD8-2AD5-4B56-90BA-F1E504DE9082}.Release|Any CPU.ActiveCfg = Release|Any CPU
		{D6BFDCD8-2AD5-4B56-90BA-F1E504DE9082}.Release|Any CPU.Build.0 = Release|Any CPU
		{D6BFDCD8-2AD5-4B56-90BA-F1E504DE9082}.Release|x64.ActiveCfg = Release|Any CPU
		{D6BFDCD8-2AD5-4B56-90BA-F1E504DE9082}.Release|x64.Build.0 = Release|Any CPU
		{D6BFDCD8-2AD5-4B56-90BA-F1E504DE9082}.Release|x86.ActiveCfg = Release|Any CPU
		{D6BFDCD8-2AD5-4B56-90BA-F1E504DE9082}.Release|x86.Build.0 = Release|Any CPU
		{E365916F-0365-47EE-B97B-802986FE02A4}.Debug|Any CPU.ActiveCfg = Debug|Any CPU
		{E365916F-0365-47EE-B97B-802986FE02A4}.Debug|Any CPU.Build.0 = Debug|Any CPU
		{E365916F-0365-47EE-B97B-802986FE02A4}.Debug|x64.ActiveCfg = Debug|Any CPU
		{E365916F-0365-47EE-B97B-802986FE02A4}.Debug|x64.Build.0 = Debug|Any CPU
		{E365916F-0365-47EE-B97B-802986FE02A4}.Debug|x86.ActiveCfg = Debug|Any CPU
		{E365916F-0365-47EE-B97B-802986FE02A4}.Debug|x86.Build.0 = Debug|Any CPU
		{E365916F-0365-47EE-B97B-802986FE02A4}.Release|Any CPU.ActiveCfg = Release|Any CPU
		{E365916F-0365-47EE-B97B-802986FE02A4}.Release|Any CPU.Build.0 = Release|Any CPU
		{E365916F-0365-47EE-B97B-802986FE02A4}.Release|x64.ActiveCfg = Release|Any CPU
		{E365916F-0365-47EE-B97B-802986FE02A4}.Release|x64.Build.0 = Release|Any CPU
		{E365916F-0365-47EE-B97B-802986FE02A4}.Release|x86.ActiveCfg = Release|Any CPU
		{E365916F-0365-47EE-B97B-802986FE02A4}.Release|x86.Build.0 = Release|Any CPU
		{65474139-0E56-4AEC-AA18-7E884AF6678A}.Debug|Any CPU.ActiveCfg = Debug|Any CPU
		{65474139-0E56-4AEC-AA18-7E884AF6678A}.Debug|Any CPU.Build.0 = Debug|Any CPU
		{65474139-0E56-4AEC-AA18-7E884AF6678A}.Debug|x64.ActiveCfg = Debug|Any CPU
		{65474139-0E56-4AEC-AA18-7E884AF6678A}.Debug|x64.Build.0 = Debug|Any CPU
		{65474139-0E56-4AEC-AA18-7E884AF6678A}.Debug|x86.ActiveCfg = Debug|Any CPU
		{65474139-0E56-4AEC-AA18-7E884AF6678A}.Debug|x86.Build.0 = Debug|Any CPU
		{65474139-0E56-4AEC-AA18-7E884AF6678A}.Release|Any CPU.ActiveCfg = Release|Any CPU
		{65474139-0E56-4AEC-AA18-7E884AF6678A}.Release|Any CPU.Build.0 = Release|Any CPU
		{65474139-0E56-4AEC-AA18-7E884AF6678A}.Release|x64.ActiveCfg = Release|Any CPU
		{65474139-0E56-4AEC-AA18-7E884AF6678A}.Release|x64.Build.0 = Release|Any CPU
		{65474139-0E56-4AEC-AA18-7E884AF6678A}.Release|x86.ActiveCfg = Release|Any CPU
		{65474139-0E56-4AEC-AA18-7E884AF6678A}.Release|x86.Build.0 = Release|Any CPU
		{98D4EF68-9692-402B-81BB-B8E40D4A0343}.Debug|Any CPU.ActiveCfg = Debug|Any CPU
		{98D4EF68-9692-402B-81BB-B8E40D4A0343}.Debug|Any CPU.Build.0 = Debug|Any CPU
		{98D4EF68-9692-402B-81BB-B8E40D4A0343}.Debug|x64.ActiveCfg = Debug|Any CPU
		{98D4EF68-9692-402B-81BB-B8E40D4A0343}.Debug|x64.Build.0 = Debug|Any CPU
		{98D4EF68-9692-402B-81BB-B8E40D4A0343}.Debug|x86.ActiveCfg = Debug|Any CPU
		{98D4EF68-9692-402B-81BB-B8E40D4A0343}.Debug|x86.Build.0 = Debug|Any CPU
		{98D4EF68-9692-402B-81BB-B8E40D4A0343}.Release|Any CPU.ActiveCfg = Release|Any CPU
		{98D4EF68-9692-402B-81BB-B8E40D4A0343}.Release|Any CPU.Build.0 = Release|Any CPU
		{98D4EF68-9692-402B-81BB-B8E40D4A0343}.Release|x64.ActiveCfg = Release|Any CPU
		{98D4EF68-9692-402B-81BB-B8E40D4A0343}.Release|x64.Build.0 = Release|Any CPU
		{98D4EF68-9692-402B-81BB-B8E40D4A0343}.Release|x86.ActiveCfg = Release|Any CPU
		{98D4EF68-9692-402B-81BB-B8E40D4A0343}.Release|x86.Build.0 = Release|Any CPU
		{99BF8542-20F9-4E5D-9932-D3EE8FBE3ABF}.Debug|Any CPU.ActiveCfg = Debug|Any CPU
		{99BF8542-20F9-4E5D-9932-D3EE8FBE3ABF}.Debug|Any CPU.Build.0 = Debug|Any CPU
		{99BF8542-20F9-4E5D-9932-D3EE8FBE3ABF}.Debug|x64.ActiveCfg = Debug|Any CPU
		{99BF8542-20F9-4E5D-9932-D3EE8FBE3ABF}.Debug|x64.Build.0 = Debug|Any CPU
		{99BF8542-20F9-4E5D-9932-D3EE8FBE3ABF}.Debug|x86.ActiveCfg = Debug|Any CPU
		{99BF8542-20F9-4E5D-9932-D3EE8FBE3ABF}.Debug|x86.Build.0 = Debug|Any CPU
		{99BF8542-20F9-4E5D-9932-D3EE8FBE3ABF}.Release|Any CPU.ActiveCfg = Release|Any CPU
		{99BF8542-20F9-4E5D-9932-D3EE8FBE3ABF}.Release|Any CPU.Build.0 = Release|Any CPU
		{99BF8542-20F9-4E5D-9932-D3EE8FBE3ABF}.Release|x64.ActiveCfg = Release|Any CPU
		{99BF8542-20F9-4E5D-9932-D3EE8FBE3ABF}.Release|x64.Build.0 = Release|Any CPU
		{99BF8542-20F9-4E5D-9932-D3EE8FBE3ABF}.Release|x86.ActiveCfg = Release|Any CPU
		{99BF8542-20F9-4E5D-9932-D3EE8FBE3ABF}.Release|x86.Build.0 = Release|Any CPU
	EndGlobalSection
	GlobalSection(SolutionProperties) = preSolution
		HideSolutionNode = FALSE
	EndGlobalSection
	GlobalSection(ExtensibilityGlobals) = postSolution
		SolutionGuid = {CE92FE50-D18F-4FCF-A78D-114D16A06D7F}
	EndGlobalSection
EndGlobal
